
Microsoft Visual Studio Solution File, Format Version 12.00
# Visual Studio Version 17
VisualStudioVersion = 17.0.31903.59
MinimumVisualStudioVersion = 10.0.40219.1
Project("{FAE04EC0-301F-11D3-BF4B-00C04F79EFBC}") = "OtelSemConvAnalyzer", "src\OtelSemConvAnalyzer\OtelSemConvAnalyzer.csproj", "{D9294A40-C72E-4CCB-858F-74852AC44634}"
EndProject
Project("{FAE04EC0-301F-11D3-BF4B-00C04F79EFBC}") = "OtelSemConvAnalyzer.Sample", "sample\OtelSemConvAnalyzer.Sample\OtelSemConvAnalyzer.Sample.csproj", "{6C012C49-4AA9-4E19-AD98-D0989F4BE54F}"
EndProject
Project("{FAE04EC0-301F-11D3-BF4B-00C04F79EFBC}") = "OtelSemConvAnalyzer.Tests", "tests\OtelSemConvAnalyzer.Tests\OtelSemConvAnalyzer.Tests.csproj", "{19592709-3645-45D2-B88A-7CB890D55F28}"
EndProject
Project("{2150E333-8FDC-42A3-9474-1A3956D46DE8}") = "src", "src", "{860BB6AF-D3E5-4FFB-BE04-C3A5E4DC6606}"
EndProject
Project("{2150E333-8FDC-42A3-9474-1A3956D46DE8}") = "tests", "tests", "{094AABD5-F5C4-4AB6-BA7D-2616F415F02B}"
EndProject
Project("{2150E333-8FDC-42A3-9474-1A3956D46DE8}") = "sample", "sample", "{21F98B39-A2C2-4EC0-AA1B-0201CDA17568}"
EndProject
Project("{FAE04EC0-301F-11D3-BF4B-00C04F79EFBC}") = "ServiceDefaults", "sample\ServiceDefaults\ServiceDefaults.csproj", "{149EBD6E-0687-448D-8921-A4B4B7529557}"
EndProject
Global
	GlobalSection(SolutionConfigurationPlatforms) = preSolution
		Debug|Any CPU = Debug|Any CPU
		Release|Any CPU = Release|Any CPU
	EndGlobalSection
	GlobalSection(SolutionProperties) = preSolution
		HideSolutionNode = FALSE
	EndGlobalSection
	GlobalSection(ProjectConfigurationPlatforms) = postSolution
		{D9294A40-C72E-4CCB-858F-74852AC44634}.Debug|Any CPU.ActiveCfg = Debug|Any CPU
		{D9294A40-C72E-4CCB-858F-74852AC44634}.Debug|Any CPU.Build.0 = Debug|Any CPU
		{D9294A40-C72E-4CCB-858F-74852AC44634}.Release|Any CPU.ActiveCfg = Release|Any CPU
		{D9294A40-C72E-4CCB-858F-74852AC44634}.Release|Any CPU.Build.0 = Release|Any CPU
		{6C012C49-4AA9-4E19-AD98-D0989F4BE54F}.Debug|Any CPU.ActiveCfg = Debug|Any CPU
		{6C012C49-4AA9-4E19-AD98-D0989F4BE54F}.Debug|Any CPU.Build.0 = Debug|Any CPU
		{6C012C49-4AA9-4E19-AD98-D0989F4BE54F}.Release|Any CPU.ActiveCfg = Release|Any CPU
		{6C012C49-4AA9-4E19-AD98-D0989F4BE54F}.Release|Any CPU.Build.0 = Release|Any CPU
		{19592709-3645-45D2-B88A-7CB890D55F28}.Debug|Any CPU.ActiveCfg = Debug|Any CPU
		{19592709-3645-45D2-B88A-7CB890D55F28}.Debug|Any CPU.Build.0 = Debug|Any CPU
		{19592709-3645-45D2-B88A-7CB890D55F28}.Release|Any CPU.ActiveCfg = Release|Any CPU
		{19592709-3645-45D2-B88A-7CB890D55F28}.Release|Any CPU.Build.0 = Release|Any CPU
		{149EBD6E-0687-448D-8921-A4B4B7529557}.Debug|Any CPU.ActiveCfg = Debug|Any CPU
		{149EBD6E-0687-448D-8921-A4B4B7529557}.Debug|Any CPU.Build.0 = Debug|Any CPU
		{149EBD6E-0687-448D-8921-A4B4B7529557}.Release|Any CPU.ActiveCfg = Release|Any CPU
		{149EBD6E-0687-448D-8921-A4B4B7529557}.Release|Any CPU.Build.0 = Release|Any CPU
	EndGlobalSection
	GlobalSection(NestedProjects) = preSolution
		{D9294A40-C72E-4CCB-858F-74852AC44634} = {860BB6AF-D3E5-4FFB-BE04-C3A5E4DC6606}
		{6C012C49-4AA9-4E19-AD98-D0989F4BE54F} = {21F98B39-A2C2-4EC0-AA1B-0201CDA17568}
		{19592709-3645-45D2-B88A-7CB890D55F28} = {094AABD5-F5C4-4AB6-BA7D-2616F415F02B}
		{149EBD6E-0687-448D-8921-A4B4B7529557} = {21F98B39-A2C2-4EC0-AA1B-0201CDA17568}
	EndGlobalSection
EndGlobal
